
Microsoft Visual Studio Solution File, Format Version 12.00
# Visual Studio Version 17
VisualStudioVersion = 17.4.33103.184
MinimumVisualStudioVersion = 10.0.40219.1
Project("{FAE04EC0-301F-11D3-BF4B-00C04F79EFBC}") = "SandboxTest", "SandboxTest.csproj", "{35421927-1501-4A75-BFCE-476023B21D04}"
EndProject
Global
	GlobalSection(SolutionConfigurationPlatforms) = preSolution
		Debug|Any CPU = Debug|Any CPU
		Release|Any CPU = Release|Any CPU
	EndGlobalSection
	GlobalSection(ProjectConfigurationPlatforms) = postSolution
		{35421927-1501-4A75-BFCE-476023B21D04}.Debug|Any CPU.ActiveCfg = Debug|Any CPU
		{35421927-1501-4A75-BFCE-476023B21D04}.Debug|Any CPU.Build.0 = Debug|Any CPU
		{35421927-1501-4A75-BFCE-476023B21D04}.Release|Any CPU.ActiveCfg = Release|Any CPU
		{35421927-1501-4A75-BFCE-476023B21D04}.Release|Any CPU.Build.0 = Release|Any CPU
	EndGlobalSection
	GlobalSection(SolutionProperties) = preSolution
		HideSolutionNode = FALSE
	EndGlobalSection
	GlobalSection(ExtensibilityGlobals) = postSolution
		SolutionGuid = {ADA74C1F-B61E-46AB-8012-7B9A790844C4}
	EndGlobalSection
EndGlobal
